// !$*UTF8*$!
{
	archiveVersion = 1;
	classes = {
	};
	objectVersion = 51;
	objects = {

/* Begin PBXBuildFile section */
		4007854DB0CB50C116471C8D /* Pods_SimpleApp.framework in Frameworks */ = {isa = PBXBuildFile; fileRef = 2FEC29E77B10B651ADF89F27 /* Pods_SimpleApp.framework */; };
		77084E0F263F03C500D9BDE6 /* GTSplashView.m in Sources */ = {isa = PBXBuildFile; fileRef = 77084E0E263F03C500D9BDE6 /* GTSplashView.m */; };
		77084E11263F08E300D9BDE6 /* Launch.png in Resources */ = {isa = PBXBuildFile; fileRef = 77084E10263F08E300D9BDE6 /* Launch.png */; };
		7715048A2625E975009BDABF /* GTListItem.m in Sources */ = {isa = PBXBuildFile; fileRef = 771504892625E975009BDABF /* GTListItem.m */; };
		7735CB20261EF95600A2320B /* AppDelegate.m in Sources */ = {isa = PBXBuildFile; fileRef = 7735CB1F261EF95600A2320B /* AppDelegate.m */; };
		7735CB23261EF95600A2320B /* SceneDelegate.m in Sources */ = {isa = PBXBuildFile; fileRef = 7735CB22261EF95600A2320B /* SceneDelegate.m */; };
		7735CB26261EF95600A2320B /* GTNewsViewController.m in Sources */ = {isa = PBXBuildFile; fileRef = 7735CB25261EF95600A2320B /* GTNewsViewController.m */; };
		7735CB29261EF95600A2320B /* Main.storyboard in Resources */ = {isa = PBXBuildFile; fileRef = 7735CB27261EF95600A2320B /* Main.storyboard */; };
		7735CB2E261EF95700A2320B /* LaunchScreen.storyboard in Resources */ = {isa = PBXBuildFile; fileRef = 7735CB2C261EF95700A2320B /* LaunchScreen.storyboard */; };
		7735CB31261EF95700A2320B /* main.m in Sources */ = {isa = PBXBuildFile; fileRef = 7735CB30261EF95700A2320B /* main.m */; };
		778AF5182622B0CC00EA43C2 /* left_disable.png in Resources */ = {isa = PBXBuildFile; fileRef = 778AF5172622B0CC00EA43C2 /* left_disable.png */; };
		778AF51B2622B15A00EA43C2 /* right_disable.png in Resources */ = {isa = PBXBuildFile; fileRef = 778AF51A2622B15A00EA43C2 /* right_disable.png */; };
		778AF51F2623DEEE00EA43C2 /* GTVideoViewController.m in Sources */ = {isa = PBXBuildFile; fileRef = 778AF51E2623DEEE00EA43C2 /* GTVideoViewController.m */; };
		778AF5232623EF1500EA43C2 /* GTRecommendViewController.m in Sources */ = {isa = PBXBuildFile; fileRef = 778AF5222623EF1500EA43C2 /* GTRecommendViewController.m */; };
		778AF52D262407C200EA43C2 /* GTNormalTableViewCell.m in Sources */ = {isa = PBXBuildFile; fileRef = 778AF52C262407C200EA43C2 /* GTNormalTableViewCell.m */; };
		778AF53A26243D8000EA43C2 /* icons8-kawaii-broccoli-50.png in Resources */ = {isa = PBXBuildFile; fileRef = 778AF52F26243D8000EA43C2 /* icons8-kawaii-broccoli-50.png */; };
		778AF53B26243D8000EA43C2 /* icons8-爱德华·蒙克-50.png in Resources */ = {isa = PBXBuildFile; fileRef = 778AF53026243D8000EA43C2 /* icons8-爱德华·蒙克-50.png */; };
		778AF53C26243D8000EA43C2 /* icons8-kawaii-bread-50.png in Resources */ = {isa = PBXBuildFile; fileRef = 778AF53126243D8000EA43C2 /* icons8-kawaii-bread-50.png */; };
		778AF53D26243D8000EA43C2 /* icons8-greek-god-zeus-50.png in Resources */ = {isa = PBXBuildFile; fileRef = 778AF53226243D8000EA43C2 /* icons8-greek-god-zeus-50.png */; };
		778AF53E26243D8000EA43C2 /* icons8-hindu-swastik-50.png in Resources */ = {isa = PBXBuildFile; fileRef = 778AF53326243D8000EA43C2 /* icons8-hindu-swastik-50.png */; };
		778AF53F26243D8000EA43C2 /* icons8-buddha-50.png in Resources */ = {isa = PBXBuildFile; fileRef = 778AF53426243D8000EA43C2 /* icons8-buddha-50.png */; };
		778AF54026243D8000EA43C2 /* icons8-greek-god-hermes-50.png in Resources */ = {isa = PBXBuildFile; fileRef = 778AF53526243D8000EA43C2 /* icons8-greek-god-hermes-50.png */; };
		778AF54126243D8000EA43C2 /* icons8-kawaii-coffee-50.png in Resources */ = {isa = PBXBuildFile; fileRef = 778AF53626243D8000EA43C2 /* icons8-kawaii-coffee-50.png */; };
		778AF54226243D8000EA43C2 /* icons8-大耳猴-50.png in Resources */ = {isa = PBXBuildFile; fileRef = 778AF53726243D8000EA43C2 /* icons8-大耳猴-50.png */; };
		778AF54326243D8000EA43C2 /* icons8-折纸-50.png in Resources */ = {isa = PBXBuildFile; fileRef = 778AF53826243D8000EA43C2 /* icons8-折纸-50.png */; };
		778AF54426243D8000EA43C2 /* icons8-阿尔卑斯山-50.png in Resources */ = {isa = PBXBuildFile; fileRef = 778AF53926243D8000EA43C2 /* icons8-阿尔卑斯山-50.png */; };
		778AF55426243D8E00EA43C2 /* icons8-kawaii-milk-50.png in Resources */ = {isa = PBXBuildFile; fileRef = 778AF54626243D8E00EA43C2 /* icons8-kawaii-milk-50.png */; };
		778AF55526243D8E00EA43C2 /* icons8-lord-50.png in Resources */ = {isa = PBXBuildFile; fileRef = 778AF54726243D8E00EA43C2 /* icons8-lord-50.png */; };
		778AF55626243D8E00EA43C2 /* icons8-kawaii-jam-50.png in Resources */ = {isa = PBXBuildFile; fileRef = 778AF54826243D8E00EA43C2 /* icons8-kawaii-jam-50.png */; };
		778AF55726243D8E00EA43C2 /* icons8-kawaii-croissant-50.png in Resources */ = {isa = PBXBuildFile; fileRef = 778AF54926243D8E00EA43C2 /* icons8-kawaii-croissant-50.png */; };
		778AF55826243D8E00EA43C2 /* icons8-kawaii-dinosaur-50.png in Resources */ = {isa = PBXBuildFile; fileRef = 778AF54A26243D8E00EA43C2 /* icons8-kawaii-dinosaur-50.png */; };
		778AF55926243D8E00EA43C2 /* icons8-kawaii-taco-50.png in Resources */ = {isa = PBXBuildFile; fileRef = 778AF54B26243D8E00EA43C2 /* icons8-kawaii-taco-50.png */; };
		778AF55A26243D8E00EA43C2 /* icons8-kawaii-french-fries-50.png in Resources */ = {isa = PBXBuildFile; fileRef = 778AF54C26243D8E00EA43C2 /* icons8-kawaii-french-fries-50.png */; };
		778AF55B26243D8E00EA43C2 /* icons8-kawaii-noodle-50.png in Resources */ = {isa = PBXBuildFile; fileRef = 778AF54D26243D8E00EA43C2 /* icons8-kawaii-noodle-50.png */; };
		778AF55C26243D8E00EA43C2 /* icons8-lilith-symbol-50.png in Resources */ = {isa = PBXBuildFile; fileRef = 778AF54E26243D8E00EA43C2 /* icons8-lilith-symbol-50.png */; };
		778AF55D26243D8E00EA43C2 /* icons8-mayura-gesture-50.png in Resources */ = {isa = PBXBuildFile; fileRef = 778AF54F26243D8E00EA43C2 /* icons8-mayura-gesture-50.png */; };
		778AF55E26243D8E00EA43C2 /* icons8-kawaii-cupcake-50.png in Resources */ = {isa = PBXBuildFile; fileRef = 778AF55026243D8E00EA43C2 /* icons8-kawaii-cupcake-50.png */; };
		778AF55F26243D8E00EA43C2 /* icons8-pentagram-devil-50.png in Resources */ = {isa = PBXBuildFile; fileRef = 778AF55126243D8E00EA43C2 /* icons8-pentagram-devil-50.png */; };
		778AF56026243D8E00EA43C2 /* icons8-third-eye-symbol-50.png in Resources */ = {isa = PBXBuildFile; fileRef = 778AF55226243D8E00EA43C2 /* icons8-third-eye-symbol-50.png */; };
		778AF56126243D8E00EA43C2 /* icons8-melchior-king-magician-50.png in Resources */ = {isa = PBXBuildFile; fileRef = 778AF55326243D8E00EA43C2 /* icons8-melchior-king-magician-50.png */; };
		778AF565262463D900EA43C2 /* GTDetailViewController.m in Sources */ = {isa = PBXBuildFile; fileRef = 778AF564262463D900EA43C2 /* GTDetailViewController.m */; };
		778AF56926248A9D00EA43C2 /* GTDeleteCellView.m in Sources */ = {isa = PBXBuildFile; fileRef = 778AF56826248A9D00EA43C2 /* GTDeleteCellView.m */; };
		779936B6262829BC0050BD99 /* GTVideoCoverView.m in Sources */ = {isa = PBXBuildFile; fileRef = 779936B5262829BC0050BD99 /* GTVideoCoverView.m */; };
		779936B9262831F10050BD99 /* 伪装者.png in Resources */ = {isa = PBXBuildFile; fileRef = 779936B8262831F10050BD99 /* 伪装者.png */; };
		779936BD26285B160050BD99 /* GTVideoPlayer.m in Sources */ = {isa = PBXBuildFile; fileRef = 779936BC26285B160050BD99 /* GTVideoPlayer.m */; };
		77B1F1E5262931B2003FF2CF /* GTVideoToolbar.m in Sources */ = {isa = PBXBuildFile; fileRef = 77B1F1E4262931B2003FF2CF /* GTVideoToolbar.m */; };
		77B1F1EC26295131003FF2CF /* icon.bundle in Resources */ = {isa = PBXBuildFile; fileRef = 77B1F1EB26295131003FF2CF /* icon.bundle */; };
		77B4AD1D2640479800B82339 /* GTMediator.m in Sources */ = {isa = PBXBuildFile; fileRef = 77B4AD1C2640479800B82339 /* GTMediator.m */; };
		77BF7B4C2625A13C00352BA7 /* MineViewController.m in Sources */ = {isa = PBXBuildFile; fileRef = 77BF7B4B2625A13C00352BA7 /* MineViewController.m */; };
		77BF7B512625B84100352BA7 /* GTListLoader.m in Sources */ = {isa = PBXBuildFile; fileRef = 77BF7B502625B84100352BA7 /* GTListLoader.m */; };
		77D2C8A8265B3D7800A19A20 /* Test.m in Sources */ = {isa = PBXBuildFile; fileRef = 77D2C8A7265B3D7800A19A20 /* Test.m */; };
		77F28D1626296A2A00ED673A /* Assets.xcassets in Resources */ = {isa = PBXBuildFile; fileRef = 77F28D1526296A2A00ED673A /* Assets.xcassets */; };
		77F28D1B26299DE100ED673A /* GTScreen.m in Sources */ = {isa = PBXBuildFile; fileRef = 77F28D1A26299DE100ED673A /* GTScreen.m */; };
/* End PBXBuildFile section */

/* Begin PBXFileReference section */
		17873107212B7EA296F34707 /* Pods-SimpleApp.release.xcconfig */ = {isa = PBXFileReference; includeInIndex = 1; lastKnownFileType = text.xcconfig; name = "Pods-SimpleApp.release.xcconfig"; path = "Target Support Files/Pods-SimpleApp/Pods-SimpleApp.release.xcconfig"; sourceTree = "<group>"; };
		2FEC29E77B10B651ADF89F27 /* Pods_SimpleApp.framework */ = {isa = PBXFileReference; explicitFileType = wrapper.framework; includeInIndex = 0; path = Pods_SimpleApp.framework; sourceTree = BUILT_PRODUCTS_DIR; };
		39947D5DDC427F496C49B051 /* Pods-SimpleApp.debug.xcconfig */ = {isa = PBXFileReference; includeInIndex = 1; lastKnownFileType = text.xcconfig; name = "Pods-SimpleApp.debug.xcconfig"; path = "Target Support Files/Pods-SimpleApp/Pods-SimpleApp.debug.xcconfig"; sourceTree = "<group>"; };
		77084E0D263F03C500D9BDE6 /* GTSplashView.h */ = {isa = PBXFileReference; lastKnownFileType = sourcecode.c.h; path = GTSplashView.h; sourceTree = "<group>"; };
		77084E0E263F03C500D9BDE6 /* GTSplashView.m */ = {isa = PBXFileReference; lastKnownFileType = sourcecode.c.objc; path = GTSplashView.m; sourceTree = "<group>"; };
		77084E10263F08E300D9BDE6 /* Launch.png */ = {isa = PBXFileReference; lastKnownFileType = image.png; path = Launch.png; sourceTree = "<group>"; };
		771504882625E975009BDABF /* GTListItem.h */ = {isa = PBXFileReference; lastKnownFileType = sourcecode.c.h; path = GTListItem.h; sourceTree = "<group>"; };
		771504892625E975009BDABF /* GTListItem.m */ = {isa = PBXFileReference; lastKnownFileType = sourcecode.c.objc; path = GTListItem.m; sourceTree = "<group>"; };
		7735CB1B261EF95600A2320B /* SimpleApp.app */ = {isa = PBXFileReference; explicitFileType = wrapper.application; includeInIndex = 0; path = SimpleApp.app; sourceTree = BUILT_PRODUCTS_DIR; };
		7735CB1E261EF95600A2320B /* AppDelegate.h */ = {isa = PBXFileReference; lastKnownFileType = sourcecode.c.h; path = AppDelegate.h; sourceTree = "<group>"; };
		7735CB1F261EF95600A2320B /* AppDelegate.m */ = {isa = PBXFileReference; lastKnownFileType = sourcecode.c.objc; path = AppDelegate.m; sourceTree = "<group>"; };
		7735CB21261EF95600A2320B /* SceneDelegate.h */ = {isa = PBXFileReference; lastKnownFileType = sourcecode.c.h; path = SceneDelegate.h; sourceTree = "<group>"; };
		7735CB22261EF95600A2320B /* SceneDelegate.m */ = {isa = PBXFileReference; lastKnownFileType = sourcecode.c.objc; path = SceneDelegate.m; sourceTree = "<group>"; };
		7735CB24261EF95600A2320B /* GTNewsViewController.h */ = {isa = PBXFileReference; lastKnownFileType = sourcecode.c.h; path = GTNewsViewController.h; sourceTree = "<group>"; };
		7735CB25261EF95600A2320B /* GTNewsViewController.m */ = {isa = PBXFileReference; lastKnownFileType = sourcecode.c.objc; path = GTNewsViewController.m; sourceTree = "<group>"; };
		7735CB28261EF95600A2320B /* Base */ = {isa = PBXFileReference; lastKnownFileType = file.storyboard; name = Base; path = Base.lproj/Main.storyboard; sourceTree = "<group>"; };
		7735CB2D261EF95700A2320B /* Base */ = {isa = PBXFileReference; lastKnownFileType = file.storyboard; name = Base; path = Base.lproj/LaunchScreen.storyboard; sourceTree = "<group>"; };
		7735CB2F261EF95700A2320B /* Info.plist */ = {isa = PBXFileReference; lastKnownFileType = text.plist.xml; path = Info.plist; sourceTree = "<group>"; };
		7735CB30261EF95700A2320B /* main.m */ = {isa = PBXFileReference; lastKnownFileType = sourcecode.c.objc; path = main.m; sourceTree = "<group>"; };
		778AF5172622B0CC00EA43C2 /* left_disable.png */ = {isa = PBXFileReference; lastKnownFileType = image.png; path = left_disable.png; sourceTree = "<group>"; };
		778AF51A2622B15A00EA43C2 /* right_disable.png */ = {isa = PBXFileReference; lastKnownFileType = image.png; path = right_disable.png; sourceTree = "<group>"; };
		778AF51D2623DEEE00EA43C2 /* GTVideoViewController.h */ = {isa = PBXFileReference; lastKnownFileType = sourcecode.c.h; path = GTVideoViewController.h; sourceTree = "<group>"; };
		778AF51E2623DEEE00EA43C2 /* GTVideoViewController.m */ = {isa = PBXFileReference; lastKnownFileType = sourcecode.c.objc; path = GTVideoViewController.m; sourceTree = "<group>"; };
		778AF5212623EF1500EA43C2 /* GTRecommendViewController.h */ = {isa = PBXFileReference; lastKnownFileType = sourcecode.c.h; path = GTRecommendViewController.h; sourceTree = "<group>"; };
		778AF5222623EF1500EA43C2 /* GTRecommendViewController.m */ = {isa = PBXFileReference; lastKnownFileType = sourcecode.c.objc; path = GTRecommendViewController.m; sourceTree = "<group>"; };
		778AF52B262407C200EA43C2 /* GTNormalTableViewCell.h */ = {isa = PBXFileReference; lastKnownFileType = sourcecode.c.h; path = GTNormalTableViewCell.h; sourceTree = "<group>"; };
		778AF52C262407C200EA43C2 /* GTNormalTableViewCell.m */ = {isa = PBXFileReference; lastKnownFileType = sourcecode.c.objc; path = GTNormalTableViewCell.m; sourceTree = "<group>"; };
		778AF52F26243D8000EA43C2 /* icons8-kawaii-broccoli-50.png */ = {isa = PBXFileReference; lastKnownFileType = image.png; path = "icons8-kawaii-broccoli-50.png"; sourceTree = "<group>"; };
		778AF53026243D8000EA43C2 /* icons8-爱德华·蒙克-50.png */ = {isa = PBXFileReference; lastKnownFileType = image.png; path = "icons8-爱德华·蒙克-50.png"; sourceTree = "<group>"; };
		778AF53126243D8000EA43C2 /* icons8-kawaii-bread-50.png */ = {isa = PBXFileReference; lastKnownFileType = image.png; path = "icons8-kawaii-bread-50.png"; sourceTree = "<group>"; };
		778AF53226243D8000EA43C2 /* icons8-greek-god-zeus-50.png */ = {isa = PBXFileReference; lastKnownFileType = image.png; path = "icons8-greek-god-zeus-50.png"; sourceTree = "<group>"; };
		778AF53326243D8000EA43C2 /* icons8-hindu-swastik-50.png */ = {isa = PBXFileReference; lastKnownFileType = image.png; path = "icons8-hindu-swastik-50.png"; sourceTree = "<group>"; };
		778AF53426243D8000EA43C2 /* icons8-buddha-50.png */ = {isa = PBXFileReference; lastKnownFileType = image.png; path = "icons8-buddha-50.png"; sourceTree = "<group>"; };
		778AF53526243D8000EA43C2 /* icons8-greek-god-hermes-50.png */ = {isa = PBXFileReference; lastKnownFileType = image.png; path = "icons8-greek-god-hermes-50.png"; sourceTree = "<group>"; };
		778AF53626243D8000EA43C2 /* icons8-kawaii-coffee-50.png */ = {isa = PBXFileReference; lastKnownFileType = image.png; path = "icons8-kawaii-coffee-50.png"; sourceTree = "<group>"; };
		778AF53726243D8000EA43C2 /* icons8-大耳猴-50.png */ = {isa = PBXFileReference; lastKnownFileType = image.png; path = "icons8-大耳猴-50.png"; sourceTree = "<group>"; };
		778AF53826243D8000EA43C2 /* icons8-折纸-50.png */ = {isa = PBXFileReference; lastKnownFileType = image.png; path = "icons8-折纸-50.png"; sourceTree = "<group>"; };
		778AF53926243D8000EA43C2 /* icons8-阿尔卑斯山-50.png */ = {isa = PBXFileReference; lastKnownFileType = image.png; path = "icons8-阿尔卑斯山-50.png"; sourceTree = "<group>"; };
		778AF54626243D8E00EA43C2 /* icons8-kawaii-milk-50.png */ = {isa = PBXFileReference; lastKnownFileType = image.png; path = "icons8-kawaii-milk-50.png"; sourceTree = "<group>"; };
		778AF54726243D8E00EA43C2 /* icons8-lord-50.png */ = {isa = PBXFileReference; lastKnownFileType = image.png; path = "icons8-lord-50.png"; sourceTree = "<group>"; };
		778AF54826243D8E00EA43C2 /* icons8-kawaii-jam-50.png */ = {isa = PBXFileReference; lastKnownFileType = image.png; path = "icons8-kawaii-jam-50.png"; sourceTree = "<group>"; };
		778AF54926243D8E00EA43C2 /* icons8-kawaii-croissant-50.png */ = {isa = PBXFileReference; lastKnownFileType = image.png; path = "icons8-kawaii-croissant-50.png"; sourceTree = "<group>"; };
		778AF54A26243D8E00EA43C2 /* icons8-kawaii-dinosaur-50.png */ = {isa = PBXFileReference; lastKnownFileType = image.png; path = "icons8-kawaii-dinosaur-50.png"; sourceTree = "<group>"; };
		778AF54B26243D8E00EA43C2 /* icons8-kawaii-taco-50.png */ = {isa = PBXFileReference; lastKnownFileType = image.png; path = "icons8-kawaii-taco-50.png"; sourceTree = "<group>"; };
		778AF54C26243D8E00EA43C2 /* icons8-kawaii-french-fries-50.png */ = {isa = PBXFileReference; lastKnownFileType = image.png; path = "icons8-kawaii-french-fries-50.png"; sourceTree = "<group>"; };
		778AF54D26243D8E00EA43C2 /* icons8-kawaii-noodle-50.png */ = {isa = PBXFileReference; lastKnownFileType = image.png; path = "icons8-kawaii-noodle-50.png"; sourceTree = "<group>"; };
		778AF54E26243D8E00EA43C2 /* icons8-lilith-symbol-50.png */ = {isa = PBXFileReference; lastKnownFileType = image.png; path = "icons8-lilith-symbol-50.png"; sourceTree = "<group>"; };
		778AF54F26243D8E00EA43C2 /* icons8-mayura-gesture-50.png */ = {isa = PBXFileReference; lastKnownFileType = image.png; path = "icons8-mayura-gesture-50.png"; sourceTree = "<group>"; };
		778AF55026243D8E00EA43C2 /* icons8-kawaii-cupcake-50.png */ = {isa = PBXFileReference; lastKnownFileType = image.png; path = "icons8-kawaii-cupcake-50.png"; sourceTree = "<group>"; };
		778AF55126243D8E00EA43C2 /* icons8-pentagram-devil-50.png */ = {isa = PBXFileReference; lastKnownFileType = image.png; path = "icons8-pentagram-devil-50.png"; sourceTree = "<group>"; };
		778AF55226243D8E00EA43C2 /* icons8-third-eye-symbol-50.png */ = {isa = PBXFileReference; lastKnownFileType = image.png; path = "icons8-third-eye-symbol-50.png"; sourceTree = "<group>"; };
		778AF55326243D8E00EA43C2 /* icons8-melchior-king-magician-50.png */ = {isa = PBXFileReference; lastKnownFileType = image.png; path = "icons8-melchior-king-magician-50.png"; sourceTree = "<group>"; };
		778AF563262463D900EA43C2 /* GTDetailViewController.h */ = {isa = PBXFileReference; lastKnownFileType = sourcecode.c.h; path = GTDetailViewController.h; sourceTree = "<group>"; };
		778AF564262463D900EA43C2 /* GTDetailViewController.m */ = {isa = PBXFileReference; lastKnownFileType = sourcecode.c.objc; path = GTDetailViewController.m; sourceTree = "<group>"; };
		778AF56726248A9D00EA43C2 /* GTDeleteCellView.h */ = {isa = PBXFileReference; lastKnownFileType = sourcecode.c.h; path = GTDeleteCellView.h; sourceTree = "<group>"; };
		778AF56826248A9D00EA43C2 /* GTDeleteCellView.m */ = {isa = PBXFileReference; lastKnownFileType = sourcecode.c.objc; path = GTDeleteCellView.m; sourceTree = "<group>"; };
		779936B4262829BC0050BD99 /* GTVideoCoverView.h */ = {isa = PBXFileReference; lastKnownFileType = sourcecode.c.h; path = GTVideoCoverView.h; sourceTree = "<group>"; };
		779936B5262829BC0050BD99 /* GTVideoCoverView.m */ = {isa = PBXFileReference; lastKnownFileType = sourcecode.c.objc; path = GTVideoCoverView.m; sourceTree = "<group>"; };
		779936B8262831F10050BD99 /* 伪装者.png */ = {isa = PBXFileReference; lastKnownFileType = image.png; path = "伪装者.png"; sourceTree = "<group>"; };
		779936BB26285B160050BD99 /* GTVideoPlayer.h */ = {isa = PBXFileReference; lastKnownFileType = sourcecode.c.h; path = GTVideoPlayer.h; sourceTree = "<group>"; };
		779936BC26285B160050BD99 /* GTVideoPlayer.m */ = {isa = PBXFileReference; lastKnownFileType = sourcecode.c.objc; path = GTVideoPlayer.m; sourceTree = "<group>"; };
		77B1F1E3262931B2003FF2CF /* GTVideoToolbar.h */ = {isa = PBXFileReference; lastKnownFileType = sourcecode.c.h; path = GTVideoToolbar.h; sourceTree = "<group>"; };
		77B1F1E4262931B2003FF2CF /* GTVideoToolbar.m */ = {isa = PBXFileReference; lastKnownFileType = sourcecode.c.objc; path = GTVideoToolbar.m; sourceTree = "<group>"; };
		77B1F1EB26295131003FF2CF /* icon.bundle */ = {isa = PBXFileReference; lastKnownFileType = "wrapper.plug-in"; path = icon.bundle; sourceTree = "<group>"; };
		77B4AD1B2640479800B82339 /* GTMediator.h */ = {isa = PBXFileReference; lastKnownFileType = sourcecode.c.h; path = GTMediator.h; sourceTree = "<group>"; };
		77B4AD1C2640479800B82339 /* GTMediator.m */ = {isa = PBXFileReference; lastKnownFileType = sourcecode.c.objc; path = GTMediator.m; sourceTree = "<group>"; };
		77BF7B4A2625A13C00352BA7 /* MineViewController.h */ = {isa = PBXFileReference; lastKnownFileType = sourcecode.c.h; path = MineViewController.h; sourceTree = "<group>"; };
		77BF7B4B2625A13C00352BA7 /* MineViewController.m */ = {isa = PBXFileReference; lastKnownFileType = sourcecode.c.objc; path = MineViewController.m; sourceTree = "<group>"; };
		77BF7B4F2625B84100352BA7 /* GTListLoader.h */ = {isa = PBXFileReference; lastKnownFileType = sourcecode.c.h; path = GTListLoader.h; sourceTree = "<group>"; };
		77BF7B502625B84100352BA7 /* GTListLoader.m */ = {isa = PBXFileReference; lastKnownFileType = sourcecode.c.objc; path = GTListLoader.m; sourceTree = "<group>"; };
		77D2C8A6265B3D7800A19A20 /* Test.h */ = {isa = PBXFileReference; lastKnownFileType = sourcecode.c.h; path = Test.h; sourceTree = "<group>"; };
		77D2C8A7265B3D7800A19A20 /* Test.m */ = {isa = PBXFileReference; lastKnownFileType = sourcecode.c.objc; path = Test.m; sourceTree = "<group>"; };
		77F28D1526296A2A00ED673A /* Assets.xcassets */ = {isa = PBXFileReference; lastKnownFileType = folder.assetcatalog; path = Assets.xcassets; sourceTree = "<group>"; };
		77F28D1926299DE100ED673A /* GTScreen.h */ = {isa = PBXFileReference; lastKnownFileType = sourcecode.c.h; path = GTScreen.h; sourceTree = "<group>"; };
		77F28D1A26299DE100ED673A /* GTScreen.m */ = {isa = PBXFileReference; lastKnownFileType = sourcecode.c.objc; path = GTScreen.m; sourceTree = "<group>"; };
/* End PBXFileReference section */

/* Begin PBXFrameworksBuildPhase section */
		7735CB18261EF95600A2320B /* Frameworks */ = {
			isa = PBXFrameworksBuildPhase;
			buildActionMask = 2147483647;
			files = (
				4007854DB0CB50C116471C8D /* Pods_SimpleApp.framework in Frameworks */,
			);
			runOnlyForDeploymentPostprocessing = 0;
		};
/* End PBXFrameworksBuildPhase section */

/* Begin PBXGroup section */
		771504872625E916009BDABF /* Models */ = {
			isa = PBXGroup;
			children = (
				77BF7B4F2625B84100352BA7 /* GTListLoader.h */,
				77BF7B502625B84100352BA7 /* GTListLoader.m */,
				771504882625E975009BDABF /* GTListItem.h */,
				771504892625E975009BDABF /* GTListItem.m */,
			);
			path = Models;
			sourceTree = "<group>";
		};
		7735CB12261EF95600A2320B = {
			isa = PBXGroup;
			children = (
				7735CB1D261EF95600A2320B /* SimpleApp */,
				7735CB1C261EF95600A2320B /* Products */,
				AF1A214D2E9EABCEB902306F /* Pods */,
				B44D59CADF762FD276BC5EC5 /* Frameworks */,
			);
			sourceTree = "<group>";
		};
		7735CB1C261EF95600A2320B /* Products */ = {
			isa = PBXGroup;
			children = (
				7735CB1B261EF95600A2320B /* SimpleApp.app */,
			);
			name = Products;
			sourceTree = "<group>";
		};
		7735CB1D261EF95600A2320B /* SimpleApp */ = {
			isa = PBXGroup;
			children = (
				77B1F1EB26295131003FF2CF /* icon.bundle */,
				7735CB2F261EF95700A2320B /* Info.plist */,
				77F28D1926299DE100ED673A /* GTScreen.h */,
				77F28D1A26299DE100ED673A /* GTScreen.m */,
				77BF7B3F2625935600352BA7 /* Main */,
				77BF7B3A262592BA00352BA7 /* News */,
				77BF7B402625937E00352BA7 /* Video */,
				77BF7B422625939800352BA7 /* Recommend */,
				77BF7B4726259F8B00352BA7 /* Mine */,
				77BF7B3D2625930200352BA7 /* CommonTools */,
				77BF7B3E2625931A00352BA7 /* SupportingFiles */,
				77B4AD1B2640479800B82339 /* GTMediator.h */,
				77B4AD1C2640479800B82339 /* GTMediator.m */,
			);
			path = SimpleApp;
			sourceTree = "<group>";
		};
		778AF5162622B0B300EA43C2 /* Image */ = {
			isa = PBXGroup;
			children = (
				77084E10263F08E300D9BDE6 /* Launch.png */,
				778AF54926243D8E00EA43C2 /* icons8-kawaii-croissant-50.png */,
				778AF55026243D8E00EA43C2 /* icons8-kawaii-cupcake-50.png */,
				778AF54A26243D8E00EA43C2 /* icons8-kawaii-dinosaur-50.png */,
				778AF54C26243D8E00EA43C2 /* icons8-kawaii-french-fries-50.png */,
				778AF54826243D8E00EA43C2 /* icons8-kawaii-jam-50.png */,
				778AF54626243D8E00EA43C2 /* icons8-kawaii-milk-50.png */,
				778AF54D26243D8E00EA43C2 /* icons8-kawaii-noodle-50.png */,
				778AF54B26243D8E00EA43C2 /* icons8-kawaii-taco-50.png */,
				778AF54E26243D8E00EA43C2 /* icons8-lilith-symbol-50.png */,
				778AF54726243D8E00EA43C2 /* icons8-lord-50.png */,
				778AF54F26243D8E00EA43C2 /* icons8-mayura-gesture-50.png */,
				778AF55326243D8E00EA43C2 /* icons8-melchior-king-magician-50.png */,
				778AF55126243D8E00EA43C2 /* icons8-pentagram-devil-50.png */,
				778AF55226243D8E00EA43C2 /* icons8-third-eye-symbol-50.png */,
				778AF53926243D8000EA43C2 /* icons8-阿尔卑斯山-50.png */,
				778AF53026243D8000EA43C2 /* icons8-爱德华·蒙克-50.png */,
				778AF53726243D8000EA43C2 /* icons8-大耳猴-50.png */,
				778AF53826243D8000EA43C2 /* icons8-折纸-50.png */,
				778AF53426243D8000EA43C2 /* icons8-buddha-50.png */,
				778AF53526243D8000EA43C2 /* icons8-greek-god-hermes-50.png */,
				778AF53226243D8000EA43C2 /* icons8-greek-god-zeus-50.png */,
				778AF53326243D8000EA43C2 /* icons8-hindu-swastik-50.png */,
				778AF53126243D8000EA43C2 /* icons8-kawaii-bread-50.png */,
				778AF52F26243D8000EA43C2 /* icons8-kawaii-broccoli-50.png */,
				778AF53626243D8000EA43C2 /* icons8-kawaii-coffee-50.png */,
				778AF5172622B0CC00EA43C2 /* left_disable.png */,
				778AF51A2622B15A00EA43C2 /* right_disable.png */,
				779936B8262831F10050BD99 /* 伪装者.png */,
			);
			path = Image;
			sourceTree = "<group>";
		};
		779936B2262824EC0050BD99 /* Views */ = {
			isa = PBXGroup;
			children = (
				779936B4262829BC0050BD99 /* GTVideoCoverView.h */,
				779936B5262829BC0050BD99 /* GTVideoCoverView.m */,
				77B1F1E3262931B2003FF2CF /* GTVideoToolbar.h */,
				77B1F1E4262931B2003FF2CF /* GTVideoToolbar.m */,
			);
			path = Views;
			sourceTree = "<group>";
		};
		77BF7B3A262592BA00352BA7 /* News */ = {
			isa = PBXGroup;
			children = (
				771504872625E916009BDABF /* Models */,
				77BF7B3C262592C800352BA7 /* Controllers */,
				77BF7B3B262592C100352BA7 /* Views */,
			);
			path = News;
			sourceTree = "<group>";
		};
		77BF7B3B262592C100352BA7 /* Views */ = {
			isa = PBXGroup;
			children = (
				778AF52B262407C200EA43C2 /* GTNormalTableViewCell.h */,
				778AF52C262407C200EA43C2 /* GTNormalTableViewCell.m */,
				778AF56726248A9D00EA43C2 /* GTDeleteCellView.h */,
				778AF56826248A9D00EA43C2 /* GTDeleteCellView.m */,
			);
			path = Views;
			sourceTree = "<group>";
		};
		77BF7B3C262592C800352BA7 /* Controllers */ = {
			isa = PBXGroup;
			children = (
				7735CB24261EF95600A2320B /* GTNewsViewController.h */,
				7735CB25261EF95600A2320B /* GTNewsViewController.m */,
				778AF563262463D900EA43C2 /* GTDetailViewController.h */,
				778AF564262463D900EA43C2 /* GTDetailViewController.m */,
			);
			path = Controllers;
			sourceTree = "<group>";
		};
		77BF7B3D2625930200352BA7 /* CommonTools */ = {
			isa = PBXGroup;
			children = (
			);
			path = CommonTools;
			sourceTree = "<group>";
		};
		77BF7B3E2625931A00352BA7 /* SupportingFiles */ = {
			isa = PBXGroup;
			children = (
				77F28D1526296A2A00ED673A /* Assets.xcassets */,
				778AF5162622B0B300EA43C2 /* Image */,
			);
			path = SupportingFiles;
			sourceTree = "<group>";
		};
		77BF7B3F2625935600352BA7 /* Main */ = {
			isa = PBXGroup;
			children = (
				7735CB1E261EF95600A2320B /* AppDelegate.h */,
				7735CB1F261EF95600A2320B /* AppDelegate.m */,
				7735CB21261EF95600A2320B /* SceneDelegate.h */,
				7735CB22261EF95600A2320B /* SceneDelegate.m */,
				7735CB27261EF95600A2320B /* Main.storyboard */,
				7735CB30261EF95700A2320B /* main.m */,
				7735CB2C261EF95700A2320B /* LaunchScreen.storyboard */,
				77084E0D263F03C500D9BDE6 /* GTSplashView.h */,
				77084E0E263F03C500D9BDE6 /* GTSplashView.m */,
				77D2C8A6265B3D7800A19A20 /* Test.h */,
				77D2C8A7265B3D7800A19A20 /* Test.m */,
			);
			path = Main;
			sourceTree = "<group>";
		};
		77BF7B402625937E00352BA7 /* Video */ = {
			isa = PBXGroup;
			children = (
				779936B2262824EC0050BD99 /* Views */,
				77BF7B412625938800352BA7 /* Controllers */,
			);
			path = Video;
			sourceTree = "<group>";
		};
		77BF7B412625938800352BA7 /* Controllers */ = {
			isa = PBXGroup;
			children = (
				778AF51D2623DEEE00EA43C2 /* GTVideoViewController.h */,
				778AF51E2623DEEE00EA43C2 /* GTVideoViewController.m */,
				779936BB26285B160050BD99 /* GTVideoPlayer.h */,
				779936BC26285B160050BD99 /* GTVideoPlayer.m */,
			);
			path = Controllers;
			sourceTree = "<group>";
		};
		77BF7B422625939800352BA7 /* Recommend */ = {
			isa = PBXGroup;
			children = (
				77BF7B43262593A500352BA7 /* Controllers */,
			);
			path = Recommend;
			sourceTree = "<group>";
		};
		77BF7B43262593A500352BA7 /* Controllers */ = {
			isa = PBXGroup;
			children = (
				778AF5212623EF1500EA43C2 /* GTRecommendViewController.h */,
				778AF5222623EF1500EA43C2 /* GTRecommendViewController.m */,
			);
			path = Controllers;
			sourceTree = "<group>";
		};
		77BF7B4726259F8B00352BA7 /* Mine */ = {
			isa = PBXGroup;
			children = (
				77BF7B4926259FD700352BA7 /* Controllers */,
				77BF7B4826259FD100352BA7 /* Views */,
			);
			path = Mine;
			sourceTree = "<group>";
		};
		77BF7B4826259FD100352BA7 /* Views */ = {
			isa = PBXGroup;
			children = (
			);
			path = Views;
			sourceTree = "<group>";
		};
		77BF7B4926259FD700352BA7 /* Controllers */ = {
			isa = PBXGroup;
			children = (
				77BF7B4A2625A13C00352BA7 /* MineViewController.h */,
				77BF7B4B2625A13C00352BA7 /* MineViewController.m */,
			);
			path = Controllers;
			sourceTree = "<group>";
		};
		AF1A214D2E9EABCEB902306F /* Pods */ = {
			isa = PBXGroup;
			children = (
				39947D5DDC427F496C49B051 /* Pods-SimpleApp.debug.xcconfig */,
				17873107212B7EA296F34707 /* Pods-SimpleApp.release.xcconfig */,
			);
			path = Pods;
			sourceTree = "<group>";
		};
		B44D59CADF762FD276BC5EC5 /* Frameworks */ = {
			isa = PBXGroup;
			children = (
				2FEC29E77B10B651ADF89F27 /* Pods_SimpleApp.framework */,
			);
			name = Frameworks;
			sourceTree = "<group>";
		};
/* End PBXGroup section */

/* Begin PBXNativeTarget section */
		7735CB1A261EF95600A2320B /* SimpleApp */ = {
			isa = PBXNativeTarget;
			buildConfigurationList = 7735CB34261EF95700A2320B /* Build configuration list for PBXNativeTarget "SimpleApp" */;
			buildPhases = (
				3D7842F12B3AB635721D637A /* [CP] Check Pods Manifest.lock */,
				7735CB17261EF95600A2320B /* Sources */,
				7735CB18261EF95600A2320B /* Frameworks */,
				7735CB19261EF95600A2320B /* Resources */,
				B66DF2EDD943427292EFA9C0 /* [CP] Embed Pods Frameworks */,
			);
			buildRules = (
			);
			dependencies = (
			);
			name = SimpleApp;
			productName = SimpleApp;
			productReference = 7735CB1B261EF95600A2320B /* SimpleApp.app */;
			productType = "com.apple.product-type.application";
		};
/* End PBXNativeTarget section */

/* Begin PBXProject section */
		7735CB13261EF95600A2320B /* Project object */ = {
			isa = PBXProject;
			attributes = {
				LastUpgradeCheck = 1240;
				TargetAttributes = {
					7735CB1A261EF95600A2320B = {
						CreatedOnToolsVersion = 12.4;
					};
				};
			};
			buildConfigurationList = 7735CB16261EF95600A2320B /* Build configuration list for PBXProject "SimpleApp" */;
			compatibilityVersion = "Xcode 9.3";
			developmentRegion = en;
			hasScannedForEncodings = 0;
			knownRegions = (
				en,
				Base,
			);
			mainGroup = 7735CB12261EF95600A2320B;
			productRefGroup = 7735CB1C261EF95600A2320B /* Products */;
			projectDirPath = "";
			projectRoot = "";
			targets = (
				7735CB1A261EF95600A2320B /* SimpleApp */,
			);
		};
/* End PBXProject section */

/* Begin PBXResourcesBuildPhase section */
		7735CB19261EF95600A2320B /* Resources */ = {
			isa = PBXResourcesBuildPhase;
			buildActionMask = 2147483647;
			files = (
				7735CB2E261EF95700A2320B /* LaunchScreen.storyboard in Resources */,
				778AF54126243D8000EA43C2 /* icons8-kawaii-coffee-50.png in Resources */,
				778AF53C26243D8000EA43C2 /* icons8-kawaii-bread-50.png in Resources */,
				778AF56126243D8E00EA43C2 /* icons8-melchior-king-magician-50.png in Resources */,
				778AF55526243D8E00EA43C2 /* icons8-lord-50.png in Resources */,
				778AF5182622B0CC00EA43C2 /* left_disable.png in Resources */,
				778AF55B26243D8E00EA43C2 /* icons8-kawaii-noodle-50.png in Resources */,
				778AF55426243D8E00EA43C2 /* icons8-kawaii-milk-50.png in Resources */,
				778AF55926243D8E00EA43C2 /* icons8-kawaii-taco-50.png in Resources */,
				778AF54326243D8000EA43C2 /* icons8-折纸-50.png in Resources */,
				778AF56026243D8E00EA43C2 /* icons8-third-eye-symbol-50.png in Resources */,
				7735CB29261EF95600A2320B /* Main.storyboard in Resources */,
				778AF55F26243D8E00EA43C2 /* icons8-pentagram-devil-50.png in Resources */,
				778AF55726243D8E00EA43C2 /* icons8-kawaii-croissant-50.png in Resources */,
				778AF53B26243D8000EA43C2 /* icons8-爱德华·蒙克-50.png in Resources */,
				778AF53F26243D8000EA43C2 /* icons8-buddha-50.png in Resources */,
				778AF51B2622B15A00EA43C2 /* right_disable.png in Resources */,
				778AF55826243D8E00EA43C2 /* icons8-kawaii-dinosaur-50.png in Resources */,
				77084E11263F08E300D9BDE6 /* Launch.png in Resources */,
				778AF53A26243D8000EA43C2 /* icons8-kawaii-broccoli-50.png in Resources */,
				778AF55A26243D8E00EA43C2 /* icons8-kawaii-french-fries-50.png in Resources */,
				778AF55E26243D8E00EA43C2 /* icons8-kawaii-cupcake-50.png in Resources */,
				778AF53E26243D8000EA43C2 /* icons8-hindu-swastik-50.png in Resources */,
				778AF55626243D8E00EA43C2 /* icons8-kawaii-jam-50.png in Resources */,
				778AF54026243D8000EA43C2 /* icons8-greek-god-hermes-50.png in Resources */,
				778AF54426243D8000EA43C2 /* icons8-阿尔卑斯山-50.png in Resources */,
				778AF55C26243D8E00EA43C2 /* icons8-lilith-symbol-50.png in Resources */,
				778AF55D26243D8E00EA43C2 /* icons8-mayura-gesture-50.png in Resources */,
				778AF53D26243D8000EA43C2 /* icons8-greek-god-zeus-50.png in Resources */,
				77B1F1EC26295131003FF2CF /* icon.bundle in Resources */,
				779936B9262831F10050BD99 /* 伪装者.png in Resources */,
				77F28D1626296A2A00ED673A /* Assets.xcassets in Resources */,
				778AF54226243D8000EA43C2 /* icons8-大耳猴-50.png in Resources */,
			);
			runOnlyForDeploymentPostprocessing = 0;
		};
/* End PBXResourcesBuildPhase section */

/* Begin PBXShellScriptBuildPhase section */
		3D7842F12B3AB635721D637A /* [CP] Check Pods Manifest.lock */ = {
			isa = PBXShellScriptBuildPhase;
			buildActionMask = 2147483647;
			files = (
			);
			inputFileListPaths = (
			);
			inputPaths = (
				"${PODS_PODFILE_DIR_PATH}/Podfile.lock",
				"${PODS_ROOT}/Manifest.lock",
			);
			name = "[CP] Check Pods Manifest.lock";
			outputFileListPaths = (
			);
			outputPaths = (
				"$(DERIVED_FILE_DIR)/Pods-SimpleApp-checkManifestLockResult.txt",
			);
			runOnlyForDeploymentPostprocessing = 0;
			shellPath = /bin/sh;
			shellScript = "diff \"${PODS_PODFILE_DIR_PATH}/Podfile.lock\" \"${PODS_ROOT}/Manifest.lock\" > /dev/null\nif [ $? != 0 ] ; then\n    # print error to STDERR\n    echo \"error: The sandbox is not in sync with the Podfile.lock. Run 'pod install' or update your CocoaPods installation.\" >&2\n    exit 1\nfi\n# This output is used by Xcode 'outputs' to avoid re-running this script phase.\necho \"SUCCESS\" > \"${SCRIPT_OUTPUT_FILE_0}\"\n";
			showEnvVarsInLog = 0;
		};
		B66DF2EDD943427292EFA9C0 /* [CP] Embed Pods Frameworks */ = {
			isa = PBXShellScriptBuildPhase;
			buildActionMask = 2147483647;
			files = (
			);
			inputFileListPaths = (
				"${PODS_ROOT}/Target Support Files/Pods-SimpleApp/Pods-SimpleApp-frameworks-${CONFIGURATION}-input-files.xcfilelist",
			);
			name = "[CP] Embed Pods Frameworks";
			outputFileListPaths = (
				"${PODS_ROOT}/Target Support Files/Pods-SimpleApp/Pods-SimpleApp-frameworks-${CONFIGURATION}-output-files.xcfilelist",
			);
			runOnlyForDeploymentPostprocessing = 0;
			shellPath = /bin/sh;
			shellScript = "\"${PODS_ROOT}/Target Support Files/Pods-SimpleApp/Pods-SimpleApp-frameworks.sh\"\n";
			showEnvVarsInLog = 0;
		};
/* End PBXShellScriptBuildPhase section */

/* Begin PBXSourcesBuildPhase section */
		7735CB17261EF95600A2320B /* Sources */ = {
			isa = PBXSourcesBuildPhase;
			buildActionMask = 2147483647;
			files = (
				77F28D1B26299DE100ED673A /* GTScreen.m in Sources */,
				77BF7B512625B84100352BA7 /* GTListLoader.m in Sources */,
				77D2C8A8265B3D7800A19A20 /* Test.m in Sources */,
				778AF565262463D900EA43C2 /* GTDetailViewController.m in Sources */,
				77B4AD1D2640479800B82339 /* GTMediator.m in Sources */,
				778AF56926248A9D00EA43C2 /* GTDeleteCellView.m in Sources */,
				778AF52D262407C200EA43C2 /* GTNormalTableViewCell.m in Sources */,
				7735CB26261EF95600A2320B /* GTNewsViewController.m in Sources */,
				7715048A2625E975009BDABF /* GTListItem.m in Sources */,
				779936B6262829BC0050BD99 /* GTVideoCoverView.m in Sources */,
				779936BD26285B160050BD99 /* GTVideoPlayer.m in Sources */,
				778AF51F2623DEEE00EA43C2 /* GTVideoViewController.m in Sources */,
				778AF5232623EF1500EA43C2 /* GTRecommendViewController.m in Sources */,
				77B1F1E5262931B2003FF2CF /* GTVideoToolbar.m in Sources */,
				7735CB20261EF95600A2320B /* AppDelegate.m in Sources */,
				77084E0F263F03C500D9BDE6 /* GTSplashView.m in Sources */,
				77BF7B4C2625A13C00352BA7 /* MineViewController.m in Sources */,
				7735CB31261EF95700A2320B /* main.m in Sources */,
				7735CB23261EF95600A2320B /* SceneDelegate.m in Sources */,
			);
			runOnlyForDeploymentPostprocessing = 0;
		};
/* End PBXSourcesBuildPhase section */

/* Begin PBXVariantGroup section */
		7735CB27261EF95600A2320B /* Main.storyboard */ = {
			isa = PBXVariantGroup;
			children = (
				7735CB28261EF95600A2320B /* Base */,
			);
			name = Main.storyboard;
			sourceTree = "<group>";
		};
		7735CB2C261EF95700A2320B /* LaunchScreen.storyboard */ = {
			isa = PBXVariantGroup;
			children = (
				7735CB2D261EF95700A2320B /* Base */,
			);
			name = LaunchScreen.storyboard;
			sourceTree = "<group>";
		};
/* End PBXVariantGroup section */

/* Begin XCBuildConfiguration section */
		7735CB32261EF95700A2320B /* Debug */ = {
			isa = XCBuildConfiguration;
			buildSettings = {
				ALWAYS_SEARCH_USER_PATHS = NO;
				CLANG_ANALYZER_NONNULL = YES;
				CLANG_ANALYZER_NUMBER_OBJECT_CONVERSION = YES_AGGRESSIVE;
				CLANG_CXX_LANGUAGE_STANDARD = "gnu++14";
				CLANG_CXX_LIBRARY = "libc++";
				CLANG_ENABLE_MODULES = YES;
				CLANG_ENABLE_OBJC_ARC = YES;
				CLANG_ENABLE_OBJC_WEAK = YES;
				CLANG_WARN_BLOCK_CAPTURE_AUTORELEASING = YES;
				CLANG_WARN_BOOL_CONVERSION = YES;
				CLANG_WARN_COMMA = YES;
				CLANG_WARN_CONSTANT_CONVERSION = YES;
				CLANG_WARN_DEPRECATED_OBJC_IMPLEMENTATIONS = YES;
				CLANG_WARN_DIRECT_OBJC_ISA_USAGE = YES_ERROR;
				CLANG_WARN_DOCUMENTATION_COMMENTS = YES;
				CLANG_WARN_EMPTY_BODY = YES;
				CLANG_WARN_ENUM_CONVERSION = YES;
				CLANG_WARN_INFINITE_RECURSION = YES;
				CLANG_WARN_INT_CONVERSION = YES;
				CLANG_WARN_NON_LITERAL_NULL_CONVERSION = YES;
				CLANG_WARN_OBJC_IMPLICIT_RETAIN_SELF = YES;
				CLANG_WARN_OBJC_LITERAL_CONVERSION = YES;
				CLANG_WARN_OBJC_ROOT_CLASS = YES_ERROR;
				CLANG_WARN_QUOTED_INCLUDE_IN_FRAMEWORK_HEADER = YES;
				CLANG_WARN_RANGE_LOOP_ANALYSIS = YES;
				CLANG_WARN_STRICT_PROTOTYPES = YES;
				CLANG_WARN_SUSPICIOUS_MOVE = YES;
				CLANG_WARN_UNGUARDED_AVAILABILITY = YES_AGGRESSIVE;
				CLANG_WARN_UNREACHABLE_CODE = YES;
				CLANG_WARN__DUPLICATE_METHOD_MATCH = YES;
				COPY_PHASE_STRIP = NO;
				DEBUG_INFORMATION_FORMAT = dwarf;
				ENABLE_STRICT_OBJC_MSGSEND = YES;
				ENABLE_TESTABILITY = YES;
				GCC_C_LANGUAGE_STANDARD = gnu11;
				GCC_DYNAMIC_NO_PIC = NO;
				GCC_NO_COMMON_BLOCKS = YES;
				GCC_OPTIMIZATION_LEVEL = 0;
				GCC_PREPROCESSOR_DEFINITIONS = (
					"DEBUG=1",
					"$(inherited)",
				);
				GCC_WARN_64_TO_32_BIT_CONVERSION = YES;
				GCC_WARN_ABOUT_RETURN_TYPE = YES_ERROR;
				GCC_WARN_UNDECLARED_SELECTOR = YES;
				GCC_WARN_UNINITIALIZED_AUTOS = YES_AGGRESSIVE;
				GCC_WARN_UNUSED_FUNCTION = YES;
				GCC_WARN_UNUSED_VARIABLE = YES;
				IPHONEOS_DEPLOYMENT_TARGET = 14.4;
				MTL_ENABLE_DEBUG_INFO = INCLUDE_SOURCE;
				MTL_FAST_MATH = YES;
				ONLY_ACTIVE_ARCH = YES;
				SDKROOT = iphoneos;
			};
			name = Debug;
		};
		7735CB33261EF95700A2320B /* Release */ = {
			isa = XCBuildConfiguration;
			buildSettings = {
				ALWAYS_SEARCH_USER_PATHS = NO;
				CLANG_ANALYZER_NONNULL = YES;
				CLANG_ANALYZER_NUMBER_OBJECT_CONVERSION = YES_AGGRESSIVE;
				CLANG_CXX_LANGUAGE_STANDARD = "gnu++14";
				CLANG_CXX_LIBRARY = "libc++";
				CLANG_ENABLE_MODULES = YES;
				CLANG_ENABLE_OBJC_ARC = YES;
				CLANG_ENABLE_OBJC_WEAK = YES;
				CLANG_WARN_BLOCK_CAPTURE_AUTORELEASING = YES;
				CLANG_WARN_BOOL_CONVERSION = YES;
				CLANG_WARN_COMMA = YES;
				CLANG_WARN_CONSTANT_CONVERSION = YES;
				CLANG_WARN_DEPRECATED_OBJC_IMPLEMENTATIONS = YES;
				CLANG_WARN_DIRECT_OBJC_ISA_USAGE = YES_ERROR;
				CLANG_WARN_DOCUMENTATION_COMMENTS = YES;
				CLANG_WARN_EMPTY_BODY = YES;
				CLANG_WARN_ENUM_CONVERSION = YES;
				CLANG_WARN_INFINITE_RECURSION = YES;
				CLANG_WARN_INT_CONVERSION = YES;
				CLANG_WARN_NON_LITERAL_NULL_CONVERSION = YES;
				CLANG_WARN_OBJC_IMPLICIT_RETAIN_SELF = YES;
				CLANG_WARN_OBJC_LITERAL_CONVERSION = YES;
				CLANG_WARN_OBJC_ROOT_CLASS = YES_ERROR;
				CLANG_WARN_QUOTED_INCLUDE_IN_FRAMEWORK_HEADER = YES;
				CLANG_WARN_RANGE_LOOP_ANALYSIS = YES;
				CLANG_WARN_STRICT_PROTOTYPES = YES;
				CLANG_WARN_SUSPICIOUS_MOVE = YES;
				CLANG_WARN_UNGUARDED_AVAILABILITY = YES_AGGRESSIVE;
				CLANG_WARN_UNREACHABLE_CODE = YES;
				CLANG_WARN__DUPLICATE_METHOD_MATCH = YES;
				COPY_PHASE_STRIP = NO;
				DEBUG_INFORMATION_FORMAT = "dwarf-with-dsym";
				ENABLE_NS_ASSERTIONS = NO;
				ENABLE_STRICT_OBJC_MSGSEND = YES;
				GCC_C_LANGUAGE_STANDARD = gnu11;
				GCC_NO_COMMON_BLOCKS = YES;
				GCC_WARN_64_TO_32_BIT_CONVERSION = YES;
				GCC_WARN_ABOUT_RETURN_TYPE = YES_ERROR;
				GCC_WARN_UNDECLARED_SELECTOR = YES;
				GCC_WARN_UNINITIALIZED_AUTOS = YES_AGGRESSIVE;
				GCC_WARN_UNUSED_FUNCTION = YES;
				GCC_WARN_UNUSED_VARIABLE = YES;
				IPHONEOS_DEPLOYMENT_TARGET = 14.4;
				MTL_ENABLE_DEBUG_INFO = NO;
				MTL_FAST_MATH = YES;
				SDKROOT = iphoneos;
				VALIDATE_PRODUCT = YES;
			};
			name = Release;
		};
		7735CB35261EF95700A2320B /* Debug */ = {
			isa = XCBuildConfiguration;
			baseConfigurationReference = 39947D5DDC427F496C49B051 /* Pods-SimpleApp.debug.xcconfig */;
			buildSettings = {
				ASSETCATALOG_COMPILER_APPICON_NAME = "";
				ASSETCATALOG_COMPILER_GLOBAL_ACCENT_COLOR_NAME = AccentColor;
				CODE_SIGN_STYLE = Automatic;
				INFOPLIST_FILE = SimpleApp/Info.plist;
				LD_RUNPATH_SEARCH_PATHS = (
					"$(inherited)",
					"@executable_path/Frameworks",
				);
				OTHER_LDFLAGS = (
					"$(inherited)",
					"-framework",
					"\"AFNetworking\"",
					"-framework",
					"\"ImageIO\"",
					"-framework",
					"\"SDWebImage\"",
					"-ObjC",
				);
				PRODUCT_BUNDLE_IDENTIFIER = "com.-Ancientear.SimpleApp";
				PRODUCT_NAME = "$(TARGET_NAME)";
				TARGETED_DEVICE_FAMILY = "1,2";
			};
			name = Debug;
		};
		7735CB36261EF95700A2320B /* Release */ = {
			isa = XCBuildConfiguration;
			baseConfigurationReference = 17873107212B7EA296F34707 /* Pods-SimpleApp.release.xcconfig */;
			buildSettings = {
				ASSETCATALOG_COMPILER_APPICON_NAME = "";
				ASSETCATALOG_COMPILER_GLOBAL_ACCENT_COLOR_NAME = AccentColor;
				CODE_SIGN_STYLE = Automatic;
				INFOPLIST_FILE = SimpleApp/Info.plist;
				LD_RUNPATH_SEARCH_PATHS = (
					"$(inherited)",
					"@executable_path/Frameworks",
				);
				OTHER_LDFLAGS = (
					"$(inherited)",
					"-framework",
					"\"AFNetworking\"",
					"-framework",
					"\"ImageIO\"",
					"-framework",
					"\"SDWebImage\"",
					"-ObjC",
				);
				PRODUCT_BUNDLE_IDENTIFIER = "com.-Ancientear.SimpleApp";
				PRODUCT_NAME = "$(TARGET_NAME)";
				TARGETED_DEVICE_FAMILY = "1,2";
			};
			name = Release;
		};
/* End XCBuildConfiguration section */

/* Begin XCConfigurationList section */
		7735CB16261EF95600A2320B /* Build configuration list for PBXProject "SimpleApp" */ = {
			isa = XCConfigurationList;
			buildConfigurations = (
				7735CB32261EF95700A2320B /* Debug */,
				7735CB33261EF95700A2320B /* Release */,
			);
			defaultConfigurationIsVisible = 0;
			defaultConfigurationName = Release;
		};
		7735CB34261EF95700A2320B /* Build configuration list for PBXNativeTarget "SimpleApp" */ = {
			isa = XCConfigurationList;
			buildConfigurations = (
				7735CB35261EF95700A2320B /* Debug */,
				7735CB36261EF95700A2320B /* Release */,
			);
			defaultConfigurationIsVisible = 0;
			defaultConfigurationName = Release;
		};
/* End XCConfigurationList section */
	};
	rootObject = 7735CB13261EF95600A2320B /* Project object */;
}
